
Microsoft Visual Studio Solution File, Format Version 12.00
# Visual Studio Version 17
VisualStudioVersion = 17.14.36408.4
MinimumVisualStudioVersion = 10.0.40219.1
Project("{FAE04EC0-301F-11D3-BF4B-00C04F79EFBC}") = "OrdersCreator.UI", "OrdersCreator.UI\OrdersCreator.UI.csproj", "{8565225B-60BE-440E-817D-17BCC4987E72}"
EndProject
Project("{FAE04EC0-301F-11D3-BF4B-00C04F79EFBC}") = "OrdersCreator.Domain", "OrdersCreator.Domain\OrdersCreator.Domain.csproj", "{F8B3D2EB-1FBA-4539-96E2-BDD5A6E64C1E}"
EndProject
Project("{FAE04EC0-301F-11D3-BF4B-00C04F79EFBC}") = "OrdersCreator.Infrastructure", "OrdersCreator.Infrastructure\OrdersCreator.Infrastructure.csproj", "{66732CA4-5C82-4AB3-B66C-86A9530F2208}"
EndProject
Project("{930C7802-8A8C-48F9-8165-68863BCCD9DD}") = "OrderCreator.Setup", "OrderCreator.Setup\OrderCreator.Setup.wixproj", "{14D00A46-AE7F-481C-80E0-48BEC8EF23F3}"
EndProject
Global
	GlobalSection(SolutionConfigurationPlatforms) = preSolution
		Debug|Any CPU = Debug|Any CPU
		Debug|x86 = Debug|x86
		Release|Any CPU = Release|Any CPU
		Release|x86 = Release|x86
	EndGlobalSection
	GlobalSection(ProjectConfigurationPlatforms) = postSolution
		{8565225B-60BE-440E-817D-17BCC4987E72}.Debug|Any CPU.ActiveCfg = Debug|Any CPU
		{8565225B-60BE-440E-817D-17BCC4987E72}.Debug|Any CPU.Build.0 = Debug|Any CPU
		{8565225B-60BE-440E-817D-17BCC4987E72}.Debug|x86.ActiveCfg = Debug|Any CPU
		{8565225B-60BE-440E-817D-17BCC4987E72}.Debug|x86.Build.0 = Debug|Any CPU
		{8565225B-60BE-440E-817D-17BCC4987E72}.Release|Any CPU.ActiveCfg = Release|Any CPU
		{8565225B-60BE-440E-817D-17BCC4987E72}.Release|Any CPU.Build.0 = Release|Any CPU
		{8565225B-60BE-440E-817D-17BCC4987E72}.Release|x86.ActiveCfg = Release|Any CPU
		{8565225B-60BE-440E-817D-17BCC4987E72}.Release|x86.Build.0 = Release|Any CPU
		{F8B3D2EB-1FBA-4539-96E2-BDD5A6E64C1E}.Debug|Any CPU.ActiveCfg = Debug|Any CPU
		{F8B3D2EB-1FBA-4539-96E2-BDD5A6E64C1E}.Debug|Any CPU.Build.0 = Debug|Any CPU
		{F8B3D2EB-1FBA-4539-96E2-BDD5A6E64C1E}.Debug|x86.ActiveCfg = Debug|Any CPU
		{F8B3D2EB-1FBA-4539-96E2-BDD5A6E64C1E}.Debug|x86.Build.0 = Debug|Any CPU
		{F8B3D2EB-1FBA-4539-96E2-BDD5A6E64C1E}.Release|Any CPU.ActiveCfg = Release|Any CPU
		{F8B3D2EB-1FBA-4539-96E2-BDD5A6E64C1E}.Release|Any CPU.Build.0 = Release|Any CPU
		{F8B3D2EB-1FBA-4539-96E2-BDD5A6E64C1E}.Release|x86.ActiveCfg = Release|Any CPU
		{F8B3D2EB-1FBA-4539-96E2-BDD5A6E64C1E}.Release|x86.Build.0 = Release|Any CPU
		{66732CA4-5C82-4AB3-B66C-86A9530F2208}.Debug|Any CPU.ActiveCfg = Debug|Any CPU
		{66732CA4-5C82-4AB3-B66C-86A9530F2208}.Debug|Any CPU.Build.0 = Debug|Any CPU
		{66732CA4-5C82-4AB3-B66C-86A9530F2208}.Debug|x86.ActiveCfg = Debug|Any CPU
		{66732CA4-5C82-4AB3-B66C-86A9530F2208}.Debug|x86.Build.0 = Debug|Any CPU
		{66732CA4-5C82-4AB3-B66C-86A9530F2208}.Release|Any CPU.ActiveCfg = Release|Any CPU
		{66732CA4-5C82-4AB3-B66C-86A9530F2208}.Release|Any CPU.Build.0 = Release|Any CPU
		{66732CA4-5C82-4AB3-B66C-86A9530F2208}.Release|x86.ActiveCfg = Release|Any CPU
		{66732CA4-5C82-4AB3-B66C-86A9530F2208}.Release|x86.Build.0 = Release|Any CPU
		{14D00A46-AE7F-481C-80E0-48BEC8EF23F3}.Debug|Any CPU.ActiveCfg = Debug|x86
		{14D00A46-AE7F-481C-80E0-48BEC8EF23F3}.Debug|Any CPU.Build.0 = Debug|x86
		{14D00A46-AE7F-481C-80E0-48BEC8EF23F3}.Debug|x86.ActiveCfg = Debug|x86
		{14D00A46-AE7F-481C-80E0-48BEC8EF23F3}.Debug|x86.Build.0 = Debug|x86
		{14D00A46-AE7F-481C-80E0-48BEC8EF23F3}.Release|Any CPU.ActiveCfg = Release|x86
		{14D00A46-AE7F-481C-80E0-48BEC8EF23F3}.Release|Any CPU.Build.0 = Release|x86
		{14D00A46-AE7F-481C-80E0-48BEC8EF23F3}.Release|x86.ActiveCfg = Release|x86
		{14D00A46-AE7F-481C-80E0-48BEC8EF23F3}.Release|x86.Build.0 = Release|x86
	EndGlobalSection
	GlobalSection(SolutionProperties) = preSolution
		HideSolutionNode = FALSE
	EndGlobalSection
	GlobalSection(ExtensibilityGlobals) = postSolution
		SolutionGuid = {D3739AD7-297D-4FF2-B15C-BA8CC1B32A08}
	EndGlobalSection
EndGlobal
